
Microsoft Visual Studio Solution File, Format Version 12.00
# Visual Studio 15
VisualStudioVersion = 15.0.27130.2036
MinimumVisualStudioVersion = 10.0.40219.1
Project("{FAE04EC0-301F-11D3-BF4B-00C04F79EFBC}") = "Vigilant", "Vigilant\Vigilant.csproj", "{2210C1B7-30A5-4579-A44A-256BDA8602EB}"
EndProject
Project("{FAE04EC0-301F-11D3-BF4B-00C04F79EFBC}") = "Vigilant.Test", "Vigilant.Test\Vigilant.Test.csproj", "{1D5C85D9-4138-4BD8-8780-BA371848B1B4}"
EndProject
Global
	GlobalSection(SolutionConfigurationPlatforms) = preSolution
		Debug|Any CPU = Debug|Any CPU
		Release|Any CPU = Release|Any CPU
	EndGlobalSection
	GlobalSection(ProjectConfigurationPlatforms) = postSolution
		{2210C1B7-30A5-4579-A44A-256BDA8602EB}.Debug|Any CPU.ActiveCfg = Debug|Any CPU
		{2210C1B7-30A5-4579-A44A-256BDA8602EB}.Debug|Any CPU.Build.0 = Debug|Any CPU
		{2210C1B7-30A5-4579-A44A-256BDA8602EB}.Release|Any CPU.ActiveCfg = Release|Any CPU
		{2210C1B7-30A5-4579-A44A-256BDA8602EB}.Release|Any CPU.Build.0 = Release|Any CPU
		{1D5C85D9-4138-4BD8-8780-BA371848B1B4}.Debug|Any CPU.ActiveCfg = Debug|Any CPU
		{1D5C85D9-4138-4BD8-8780-BA371848B1B4}.Debug|Any CPU.Build.0 = Debug|Any CPU
		{1D5C85D9-4138-4BD8-8780-BA371848B1B4}.Release|Any CPU.ActiveCfg = Release|Any CPU
		{1D5C85D9-4138-4BD8-8780-BA371848B1B4}.Release|Any CPU.Build.0 = Release|Any CPU
	EndGlobalSection
	GlobalSection(SolutionProperties) = preSolution
		HideSolutionNode = FALSE
	EndGlobalSection
	GlobalSection(ExtensibilityGlobals) = postSolution
		SolutionGuid = {2EE98BB0-506E-4D61-A027-451CFA9AFD45}
	EndGlobalSection
EndGlobal
